{
	"requires": true,
	"lockfileVersion": 1,
	"dependencies": {
		"agent-base": {
			"version": "4.2.0",
			"resolved": "https://registry.npmjs.org/agent-base/-/agent-base-4.2.0.tgz",
			"integrity": "sha512-c+R/U5X+2zz2+UCrCFv6odQzJdoqI+YecuhnAJLa1zYaMc13zPfwMwZrr91Pd1DYNo/yPRbiM4WVf9whgwFsIg==",
			"dev": true,
			"requires": {
				"es6-promisify": "5.0.0"
			}
		},
		"ansi-colors": {
			"version": "1.1.0",
			"resolved": "https://registry.npmjs.org/ansi-colors/-/ansi-colors-1.1.0.tgz",
			"integrity": "sha512-SFKX67auSNoVR38N3L+nvsPjOE0bybKTYbkf5tRvushrAPQ9V75huw0ZxBkKVeRU9kqH3d6HA4xTckbwZ4ixmA==",
			"dev": true,
			"requires": {
				"ansi-wrap": "0.1.0"
			}
		},
		"ansi-cyan": {
			"version": "0.1.1",
			"resolved": "https://registry.npmjs.org/ansi-cyan/-/ansi-cyan-0.1.1.tgz",
			"integrity": "sha1-U4rlKK+JgvKK4w2G8vF0VtJgmHM=",
			"dev": true,
			"requires": {
				"ansi-wrap": "0.1.0"
			}
		},
		"ansi-gray": {
			"version": "0.1.1",
			"resolved": "https://registry.npmjs.org/ansi-gray/-/ansi-gray-0.1.1.tgz",
			"integrity": "sha1-KWLPVOyXksSFEKPetSRDaGHvclE=",
			"dev": true,
			"requires": {
				"ansi-wrap": "0.1.0"
			}
		},
		"ansi-red": {
			"version": "0.1.1",
			"resolved": "https://registry.npmjs.org/ansi-red/-/ansi-red-0.1.1.tgz",
			"integrity": "sha1-jGOPnRCAgAo1PJwoyKgcpHBdlGw=",
			"dev": true,
			"requires": {
				"ansi-wrap": "0.1.0"
			}
		},
		"ansi-wrap": {
			"version": "0.1.0",
			"resolved": "https://registry.npmjs.org/ansi-wrap/-/ansi-wrap-0.1.0.tgz",
			"integrity": "sha1-qCJQ3bABXponyoLoLqYDu/pF768=",
			"dev": true
		},
		"arr-diff": {
			"version": "1.1.0",
			"resolved": "https://registry.npmjs.org/arr-diff/-/arr-diff-1.1.0.tgz",
			"integrity": "sha1-aHwydYFjWI/vfeezb6vklesaOZo=",
			"dev": true,
			"requires": {
				"arr-flatten": "1.1.0",
				"array-slice": "0.2.3"
			}
		},
		"arr-flatten": {
			"version": "1.1.0",
			"resolved": "https://registry.npmjs.org/arr-flatten/-/arr-flatten-1.1.0.tgz",
			"integrity": "sha512-L3hKV5R/p5o81R7O02IGnwpDmkp6E982XhtbuwSe3O4qOtMMMtodicASA1Cny2U+aCXcNpml+m4dPsvsJ3jatg==",
			"dev": true
		},
		"arr-union": {
			"version": "2.1.0",
			"resolved": "https://registry.npmjs.org/arr-union/-/arr-union-2.1.0.tgz",
			"integrity": "sha1-IPnqtexw9cfSFbEHexw5Fh0pLH0=",
			"dev": true
		},
		"array-slice": {
			"version": "0.2.3",
			"resolved": "https://registry.npmjs.org/array-slice/-/array-slice-0.2.3.tgz",
			"integrity": "sha1-3Tz7gO15c6dRF82sabC5nshhhvU=",
			"dev": true
		},
		"aws-sdk": {
			"version": "2.224.1",
			"resolved": "https://registry.npmjs.org/aws-sdk/-/aws-sdk-2.224.1.tgz",
			"integrity": "sha1-gv6T4Qs+gY8xXDXOhmfNyNuUoLM=",
			"dev": true,
			"requires": {
				"buffer": "4.9.1",
				"events": "1.1.1",
				"ieee754": "1.1.8",
				"jmespath": "0.15.0",
				"querystring": "0.2.0",
				"sax": "1.2.1",
				"url": "0.10.3",
				"uuid": "3.1.0",
				"xml2js": "0.4.17",
				"xmlbuilder": "4.2.1"
			}
		},
		"base64-js": {
			"version": "1.2.3",
			"resolved": "https://registry.npmjs.org/base64-js/-/base64-js-1.2.3.tgz",
			"integrity": "sha512-MsAhsUW1GxCdgYSO6tAfZrNapmUKk7mWx/k5mFY/A1gBtkaCaNapTg+FExCw1r9yeaZhqx/xPg43xgTFH6KL5w==",
			"dev": true
		},
		"buffer": {
			"version": "4.9.1",
			"resolved": "https://registry.npmjs.org/buffer/-/buffer-4.9.1.tgz",
			"integrity": "sha1-bRu2AbB6TvztlwlBMgkwJ8lbwpg=",
			"dev": true,
			"requires": {
				"base64-js": "1.2.3",
				"ieee754": "1.1.8",
				"isarray": "1.0.0"
			}
		},
		"color-support": {
			"version": "1.1.3",
			"resolved": "https://registry.npmjs.org/color-support/-/color-support-1.1.3.tgz",
			"integrity": "sha512-qiBjkpbMLO/HL68y+lh4q0/O1MZFj2RX6X/KmMa3+gJD3z+WwI1ZzDHysvqHGS3mP6mznPckpXmw1nI9cJjyRg==",
			"dev": true
		},
		"debug": {
			"version": "3.1.0",
			"resolved": "https://registry.npmjs.org/debug/-/debug-3.1.0.tgz",
			"integrity": "sha512-OX8XqP7/1a9cqkxYw2yXss15f26NKWBpDXQd0/uK/KPqdQhxbPa994hnzjcE2VqQpDslf55723cKPUOGSmMY3g==",
			"dev": true,
			"requires": {
				"ms": "2.0.0"
			}
		},
		"duplexer": {
			"version": "0.1.1",
			"resolved": "https://registry.npmjs.org/duplexer/-/duplexer-0.1.1.tgz",
			"integrity": "sha1-rOb/gIwc5mtX0ev5eXessCM0z8E=",
			"dev": true
		},
		"es6-promise": {
			"version": "4.2.4",
			"resolved": "https://registry.npmjs.org/es6-promise/-/es6-promise-4.2.4.tgz",
			"integrity": "sha512-/NdNZVJg+uZgtm9eS3O6lrOLYmQag2DjdEXuPaHlZ6RuVqgqaVZfgYCepEIKsLqwdQArOPtC3XzRLqGGfT8KQQ==",
			"dev": true
		},
		"es6-promisify": {
			"version": "5.0.0",
			"resolved": "https://registry.npmjs.org/es6-promisify/-/es6-promisify-5.0.0.tgz",
			"integrity": "sha1-UQnWLz5W6pZ8S2NQWu8IKRyKUgM=",
			"dev": true,
			"requires": {
				"es6-promise": "4.2.4"
			}
		},
		"event-stream": {
			"version": "3.3.4",
			"resolved": "http://registry.npmjs.org/event-stream/-/event-stream-3.3.4.tgz",
			"integrity": "sha1-SrTJoPWlTbkzi0w02Gv86PSzVXE=",
			"dev": true,
			"requires": {
				"duplexer": "0.1.1",
				"from": "0.1.7",
				"map-stream": "0.1.0",
				"pause-stream": "0.0.11",
				"split": "0.3.3",
				"stream-combiner": "0.0.4",
				"through": "2.3.8"
			}
		},
		"events": {
			"version": "1.1.1",
			"resolved": "https://registry.npmjs.org/events/-/events-1.1.1.tgz",
			"integrity": "sha1-nr23Y1rQmccNzEwqH1AEKI6L2SQ=",
			"dev": true
		},
		"extend-shallow": {
			"version": "1.1.4",
			"resolved": "https://registry.npmjs.org/extend-shallow/-/extend-shallow-1.1.4.tgz",
			"integrity": "sha1-Gda/lN/AnXa6cR85uHLSH/TdkHE=",
			"dev": true,
			"requires": {
				"kind-of": "1.1.0"
			}
		},
		"fancy-log": {
			"version": "1.3.2",
			"resolved": "https://registry.npmjs.org/fancy-log/-/fancy-log-1.3.2.tgz",
			"integrity": "sha1-9BEl49hPLn2JpD0G2VjI94vha+E=",
			"dev": true,
			"requires": {
				"ansi-gray": "0.1.1",
				"color-support": "1.1.3",
				"time-stamp": "1.1.0"
			}
		},
		"from": {
			"version": "0.1.7",
			"resolved": "https://registry.npmjs.org/from/-/from-0.1.7.tgz",
			"integrity": "sha1-g8YK/Fi5xWmXAH7Rp2izqzA6RP4=",
			"dev": true
		},
		"gulp-s3-upload": {
			"version": "1.7.0",
			"resolved": "https://registry.npmjs.org/gulp-s3-upload/-/gulp-s3-upload-1.7.0.tgz",
			"integrity": "sha512-ita+YDEmcfUaehP1TDBYQfWBQ4ba41NUSlAj/zKP+gk9y6Wg7Bo+9b+KaKqgWp6WDkC+/S+JpMXUeWFHxqR+RA==",
			"dev": true,
			"requires": {
				"ansi-colors": "1.1.0",
				"aws-sdk": "2.224.1",
				"event-stream": "3.3.4",
				"fancy-log": "1.3.2",
				"hasha": "3.0.0",
				"https-proxy-agent": "2.2.1",
				"mime": "1.6.0",
				"plugin-error": "0.1.2",
				"underscore": "1.8.3"
			}
		},
		"hasha": {
			"version": "3.0.0",
			"resolved": "https://registry.npmjs.org/hasha/-/hasha-3.0.0.tgz",
			"integrity": "sha1-UqMvq4Vp1BymmmH/GiFPjrfIvTk=",
			"dev": true,
			"requires": {
				"is-stream": "1.1.0"
			}
		},
		"https-proxy-agent": {
			"version": "2.2.1",
			"resolved": "https://registry.npmjs.org/https-proxy-agent/-/https-proxy-agent-2.2.1.tgz",
			"integrity": "sha512-HPCTS1LW51bcyMYbxUIOO4HEOlQ1/1qRaFWcyxvwaqUS9TY88aoEuHUY33kuAh1YhVVaDQhLZsnPd+XNARWZlQ==",
			"dev": true,
			"requires": {
				"agent-base": "4.2.0",
				"debug": "3.1.0"
			}
		},
		"ieee754": {
			"version": "1.1.8",
			"resolved": "https://registry.npmjs.org/ieee754/-/ieee754-1.1.8.tgz",
			"integrity": "sha1-vjPUCsEO8ZJnAfbwii2G+/0a0+Q=",
			"dev": true
		},
		"is-stream": {
			"version": "1.1.0",
			"resolved": "https://registry.npmjs.org/is-stream/-/is-stream-1.1.0.tgz",
			"integrity": "sha1-EtSj3U5o4Lec6428hBc66A2RykQ=",
			"dev": true
		},
		"isarray": {
			"version": "1.0.0",
			"resolved": "https://registry.npmjs.org/isarray/-/isarray-1.0.0.tgz",
			"integrity": "sha1-u5NdSFgsuhaMBoNJV6VKPgcSTxE=",
			"dev": true
		},
		"jmespath": {
			"version": "0.15.0",
			"resolved": "https://registry.npmjs.org/jmespath/-/jmespath-0.15.0.tgz",
			"integrity": "sha1-o/Iiqarp+Wb10nx5ZRDigJF2Qhc=",
			"dev": true
		},
		"kind-of": {
			"version": "1.1.0",
			"resolved": "https://registry.npmjs.org/kind-of/-/kind-of-1.1.0.tgz",
			"integrity": "sha1-FAo9LUGjbS78+pN3tiwk+ElaXEQ=",
			"dev": true
		},
		"lodash": {
			"version": "4.17.5",
			"resolved": "https://registry.npmjs.org/lodash/-/lodash-4.17.5.tgz",
			"integrity": "sha512-svL3uiZf1RwhH+cWrfZn3A4+U58wbP0tGVTLQPbjplZxZ8ROD9VLuNgsRniTlLe7OlSqR79RUehXgpBW/s0IQw==",
			"dev": true
		},
		"map-stream": {
			"version": "0.1.0",
			"resolved": "https://registry.npmjs.org/map-stream/-/map-stream-0.1.0.tgz",
			"integrity": "sha1-5WqpTEyAVaFkBKBnS3jyFffI4ZQ=",
			"dev": true
		},
		"mime": {
			"version": "1.6.0",
			"resolved": "https://registry.npmjs.org/mime/-/mime-1.6.0.tgz",
			"integrity": "sha512-x0Vn8spI+wuJ1O6S7gnbaQg8Pxh4NNHb7KSINmEWKiPE4RKOplvijn+NkmYmmRgP68mc70j2EbeTFRsrswaQeg==",
			"dev": true
		},
		"ms": {
			"version": "2.0.0",
			"resolved": "https://registry.npmjs.org/ms/-/ms-2.0.0.tgz",
			"integrity": "sha1-VgiurfwAvmwpAd9fmGF4jeDVl8g=",
			"dev": true
		},
		"pause-stream": {
			"version": "0.0.11",
			"resolved": "https://registry.npmjs.org/pause-stream/-/pause-stream-0.0.11.tgz",
			"integrity": "sha1-/lo0sMvOErWqaitAPuLnO2AvFEU=",
			"dev": true,
			"requires": {
				"through": "2.3.8"
			}
		},
		"plugin-error": {
			"version": "0.1.2",
			"resolved": "https://registry.npmjs.org/plugin-error/-/plugin-error-0.1.2.tgz",
			"integrity": "sha1-O5uzM1zPAPQl4HQ34ZJ2ln2kes4=",
			"dev": true,
			"requires": {
				"ansi-cyan": "0.1.1",
				"ansi-red": "0.1.1",
				"arr-diff": "1.1.0",
				"arr-union": "2.1.0",
				"extend-shallow": "1.1.4"
			}
		},
		"punycode": {
			"version": "1.3.2",
			"resolved": "https://registry.npmjs.org/punycode/-/punycode-1.3.2.tgz",
			"integrity": "sha1-llOgNvt8HuQjQvIyXM7v6jkmxI0=",
			"dev": true
		},
		"querystring": {
			"version": "0.2.0",
			"resolved": "https://registry.npmjs.org/querystring/-/querystring-0.2.0.tgz",
			"integrity": "sha1-sgmEkgO7Jd+CDadW50cAWHhSFiA=",
			"dev": true
		},
		"sax": {
			"version": "1.2.1",
			"resolved": "https://registry.npmjs.org/sax/-/sax-1.2.1.tgz",
			"integrity": "sha1-e45lYZCyKOgaZq6nSEgNgozS03o=",
			"dev": true
		},
		"split": {
			"version": "0.3.3",
			"resolved": "https://registry.npmjs.org/split/-/split-0.3.3.tgz",
			"integrity": "sha1-zQ7qXmOiEd//frDwkcQTPi0N0o8=",
			"dev": true,
			"requires": {
				"through": "2.3.8"
			}
		},
		"stream-combiner": {
			"version": "0.0.4",
			"resolved": "https://registry.npmjs.org/stream-combiner/-/stream-combiner-0.0.4.tgz",
			"integrity": "sha1-TV5DPBhSYd3mI8o/RMWGvPXErRQ=",
			"dev": true,
			"requires": {
				"duplexer": "0.1.1"
			}
		},
		"through": {
			"version": "2.3.8",
			"resolved": "https://registry.npmjs.org/through/-/through-2.3.8.tgz",
			"integrity": "sha1-DdTJ/6q8NXlgsbckEV1+Doai4fU=",
			"dev": true
		},
		"time-stamp": {
			"version": "1.1.0",
			"resolved": "https://registry.npmjs.org/time-stamp/-/time-stamp-1.1.0.tgz",
			"integrity": "sha1-dkpaEa9QVhkhsTPztE5hhofg9cM=",
			"dev": true
		},
		"underscore": {
			"version": "1.8.3",
			"resolved": "https://registry.npmjs.org/underscore/-/underscore-1.8.3.tgz",
			"integrity": "sha1-Tz+1OxBuYJf8+ctBCfKl6b36UCI=",
			"dev": true
		},
		"url": {
			"version": "0.10.3",
			"resolved": "https://registry.npmjs.org/url/-/url-0.10.3.tgz",
			"integrity": "sha1-Ah5NnHcF8hu/N9A861h2dAJ3TGQ=",
			"dev": true,
			"requires": {
				"punycode": "1.3.2",
				"querystring": "0.2.0"
			}
		},
		"uuid": {
			"version": "3.1.0",
			"resolved": "https://registry.npmjs.org/uuid/-/uuid-3.1.0.tgz",
			"integrity": "sha512-DIWtzUkw04M4k3bf1IcpS2tngXEL26YUD2M0tMDUpnUrz2hgzUBlD55a4FjdLGPvfHxS6uluGWvaVEqgBcVa+g==",
			"dev": true
		},
		"xml2js": {
			"version": "0.4.17",
			"resolved": "https://registry.npmjs.org/xml2js/-/xml2js-0.4.17.tgz",
			"integrity": "sha1-F76T6q4/O3eTWceVtBlwWogX6Gg=",
			"dev": true,
			"requires": {
				"sax": "1.2.1",
				"xmlbuilder": "4.2.1"
			}
		},
		"xmlbuilder": {
			"version": "4.2.1",
			"resolved": "https://registry.npmjs.org/xmlbuilder/-/xmlbuilder-4.2.1.tgz",
			"integrity": "sha1-qlijBBoGb5DqoWwvU4n/GfP0YaU=",
			"dev": true,
			"requires": {
				"lodash": "4.17.5"
			}
		}
	}
}
